// !$*UTF8*$!
{
	archiveVersion = 1;
	classes = {
	};
	objectVersion = 53;
	objects = {

/* Begin PBXBuildFile section */
		1488D3FD283C4430007897A3 /* SegundaViewController.swift in Sources */ = {isa = PBXBuildFile; fileRef = 1488D3FC283C4430007897A3 /* SegundaViewController.swift */; };
		164A43362838760700AB9CC1 /* Pessoa.swift in Sources */ = {isa = PBXBuildFile; fileRef = 164A43352838760700AB9CC1 /* Pessoa.swift */; };
		417CDECB28386C8C006F7E75 /* AgendaTableViewCell.swift in Sources */ = {isa = PBXBuildFile; fileRef = 417CDECA28386C8C006F7E75 /* AgendaTableViewCell.swift */; };
		BA16F2C92838683F00F425D2 /* PersonCell.swift in Sources */ = {isa = PBXBuildFile; fileRef = BA16F2C82838683F00F425D2 /* PersonCell.swift */; };
		E15C3B4A2838452A005B3699 /* AppDelegate.swift in Sources */ = {isa = PBXBuildFile; fileRef = E15C3B492838452A005B3699 /* AppDelegate.swift */; };
		E15C3B4C2838452A005B3699 /* SceneDelegate.swift in Sources */ = {isa = PBXBuildFile; fileRef = E15C3B4B2838452A005B3699 /* SceneDelegate.swift */; };
		E15C3B4E2838452A005B3699 /* ViewController.swift in Sources */ = {isa = PBXBuildFile; fileRef = E15C3B4D2838452A005B3699 /* ViewController.swift */; };
		E15C3B512838452A005B3699 /* Main.storyboard in Resources */ = {isa = PBXBuildFile; fileRef = E15C3B4F2838452A005B3699 /* Main.storyboard */; };
		E15C3B5328384530005B3699 /* Assets.xcassets in Resources */ = {isa = PBXBuildFile; fileRef = E15C3B5228384530005B3699 /* Assets.xcassets */; };
		E15C3B5628384530005B3699 /* LaunchScreen.storyboard in Resources */ = {isa = PBXBuildFile; fileRef = E15C3B5428384530005B3699 /* LaunchScreen.storyboard */; };
		EE34CD5F283C3F100066883D /* Servico.swift in Sources */ = {isa = PBXBuildFile; fileRef = EE34CD5E283C3F100066883D /* Servico.swift */; };
/* End PBXBuildFile section */

/* Begin PBXFileReference section */
		1488D3FC283C4430007897A3 /* SegundaViewController.swift */ = {isa = PBXFileReference; lastKnownFileType = sourcecode.swift; path = SegundaViewController.swift; sourceTree = "<group>"; };
		164A43352838760700AB9CC1 /* Pessoa.swift */ = {isa = PBXFileReference; lastKnownFileType = sourcecode.swift; path = Pessoa.swift; sourceTree = "<group>"; };
		417CDECA28386C8C006F7E75 /* AgendaTableViewCell.swift */ = {isa = PBXFileReference; lastKnownFileType = sourcecode.swift; path = AgendaTableViewCell.swift; sourceTree = "<group>"; };
		BA16F2C82838683F00F425D2 /* PersonCell.swift */ = {isa = PBXFileReference; lastKnownFileType = sourcecode.swift; path = PersonCell.swift; sourceTree = "<group>"; };
		E15C3B462838452A005B3699 /* agenda.app */ = {isa = PBXFileReference; explicitFileType = wrapper.application; includeInIndex = 0; path = agenda.app; sourceTree = BUILT_PRODUCTS_DIR; };
		E15C3B492838452A005B3699 /* AppDelegate.swift */ = {isa = PBXFileReference; lastKnownFileType = sourcecode.swift; path = AppDelegate.swift; sourceTree = "<group>"; };
		E15C3B4B2838452A005B3699 /* SceneDelegate.swift */ = {isa = PBXFileReference; lastKnownFileType = sourcecode.swift; path = SceneDelegate.swift; sourceTree = "<group>"; };
		E15C3B4D2838452A005B3699 /* ViewController.swift */ = {isa = PBXFileReference; lastKnownFileType = sourcecode.swift; path = ViewController.swift; sourceTree = "<group>"; };
		E15C3B502838452A005B3699 /* Base */ = {isa = PBXFileReference; lastKnownFileType = file.storyboard; name = Base; path = Base.lproj/Main.storyboard; sourceTree = "<group>"; };
		E15C3B5228384530005B3699 /* Assets.xcassets */ = {isa = PBXFileReference; lastKnownFileType = folder.assetcatalog; path = Assets.xcassets; sourceTree = "<group>"; };
		E15C3B5528384530005B3699 /* Base */ = {isa = PBXFileReference; lastKnownFileType = file.storyboard; name = Base; path = Base.lproj/LaunchScreen.storyboard; sourceTree = "<group>"; };
		E15C3B5728384530005B3699 /* Info.plist */ = {isa = PBXFileReference; lastKnownFileType = text.plist.xml; path = Info.plist; sourceTree = "<group>"; };
		EE34CD5E283C3F100066883D /* Servico.swift */ = {isa = PBXFileReference; lastKnownFileType = sourcecode.swift; path = Servico.swift; sourceTree = "<group>"; };
/* End PBXFileReference section */

/* Begin PBXFrameworksBuildPhase section */
		E15C3B432838452A005B3699 /* Frameworks */ = {
			isa = PBXFrameworksBuildPhase;
			buildActionMask = 2147483647;
			files = (
			);
			runOnlyForDeploymentPostprocessing = 0;
		};
/* End PBXFrameworksBuildPhase section */

/* Begin PBXGroup section */
		CC3FAC0F283871FB00B6304F /* Controller */ = {
			isa = PBXGroup;
			children = (
				E15C3B4D2838452A005B3699 /* ViewController.swift */,
				1488D3FC283C4430007897A3 /* SegundaViewController.swift */,
			);
			path = Controller;
			sourceTree = "<group>";
		};
		CC3FAC102838720300B6304F /* View */ = {
			isa = PBXGroup;
			children = (
				CC3FAC122838721800B6304F /* Cell */,
				E15C3B4F2838452A005B3699 /* Main.storyboard */,
			);
			path = View;
			sourceTree = "<group>";
		};
		CC3FAC112838720800B6304F /* Model */ = {
			isa = PBXGroup;
			children = (
				164A43352838760700AB9CC1 /* Pessoa.swift */,
				EE34CD5E283C3F100066883D /* Servico.swift */,
			);
			path = Model;
			sourceTree = "<group>";
		};
		CC3FAC122838721800B6304F /* Cell */ = {
			isa = PBXGroup;
			children = (
				417CDECA28386C8C006F7E75 /* AgendaTableViewCell.swift */,
				BA16F2C82838683F00F425D2 /* PersonCell.swift */,
			);
			path = Cell;
			sourceTree = "<group>";
		};
		E15C3B3D2838452A005B3699 = {
			isa = PBXGroup;
			children = (
				E15C3B482838452A005B3699 /* agenda */,
				E15C3B472838452A005B3699 /* Products */,
			);
			sourceTree = "<group>";
		};
		E15C3B472838452A005B3699 /* Products */ = {
			isa = PBXGroup;
			children = (
				E15C3B462838452A005B3699 /* agenda.app */,
			);
			name = Products;
			sourceTree = "<group>";
		};
		E15C3B482838452A005B3699 /* agenda */ = {
			isa = PBXGroup;
			children = (
				CC3FAC112838720800B6304F /* Model */,
				CC3FAC102838720300B6304F /* View */,
				CC3FAC0F283871FB00B6304F /* Controller */,
				E15C3B492838452A005B3699 /* AppDelegate.swift */,
				E15C3B4B2838452A005B3699 /* SceneDelegate.swift */,
				E15C3B5228384530005B3699 /* Assets.xcassets */,
				E15C3B5428384530005B3699 /* LaunchScreen.storyboard */,
				E15C3B5728384530005B3699 /* Info.plist */,
			);
			path = agenda;
			sourceTree = "<group>";
		};
/* End PBXGroup section */

/* Begin PBXNativeTarget section */
		E15C3B452838452A005B3699 /* agenda */ = {
			isa = PBXNativeTarget;
			buildConfigurationList = E15C3B5A28384530005B3699 /* Build configuration list for PBXNativeTarget "agenda" */;
			buildPhases = (
				E15C3B422838452A005B3699 /* Sources */,
				E15C3B432838452A005B3699 /* Frameworks */,
				E15C3B442838452A005B3699 /* Resources */,
			);
			buildRules = (
			);
			dependencies = (
			);
			name = agenda;
			productName = agenda;
			productReference = E15C3B462838452A005B3699 /* agenda.app */;
			productType = "com.apple.product-type.application";
		};
/* End PBXNativeTarget section */

/* Begin PBXProject section */
		E15C3B3E2838452A005B3699 /* Project object */ = {
			isa = PBXProject;
			attributes = {
				BuildIndependentTargetsInParallel = 1;
				LastSwiftUpdateCheck = 1330;
				LastUpgradeCheck = 1330;
				TargetAttributes = {
					E15C3B452838452A005B3699 = {
						CreatedOnToolsVersion = 13.3.1;
					};
				};
			};
			buildConfigurationList = E15C3B412838452A005B3699 /* Build configuration list for PBXProject "agenda" */;
			compatibilityVersion = "Xcode 11.4";
			developmentRegion = en;
			hasScannedForEncodings = 0;
			knownRegions = (
				en,
				Base,
			);
			mainGroup = E15C3B3D2838452A005B3699;
			productRefGroup = E15C3B472838452A005B3699 /* Products */;
			projectDirPath = "";
			projectRoot = "";
			targets = (
				E15C3B452838452A005B3699 /* agenda */,
			);
		};
/* End PBXProject section */

/* Begin PBXResourcesBuildPhase section */
		E15C3B442838452A005B3699 /* Resources */ = {
			isa = PBXResourcesBuildPhase;
			buildActionMask = 2147483647;
			files = (
				E15C3B5628384530005B3699 /* LaunchScreen.storyboard in Resources */,
				E15C3B5328384530005B3699 /* Assets.xcassets in Resources */,
				E15C3B512838452A005B3699 /* Main.storyboard in Resources */,
			);
			runOnlyForDeploymentPostprocessing = 0;
		};
/* End PBXResourcesBuildPhase section */

/* Begin PBXSourcesBuildPhase section */
		E15C3B422838452A005B3699 /* Sources */ = {
			isa = PBXSourcesBuildPhase;
			buildActionMask = 2147483647;
			files = (
				417CDECB28386C8C006F7E75 /* AgendaTableViewCell.swift in Sources */,
				E15C3B4E2838452A005B3699 /* ViewController.swift in Sources */,
				E15C3B4A2838452A005B3699 /* AppDelegate.swift in Sources */,
				BA16F2C92838683F00F425D2 /* PersonCell.swift in Sources */,
				1488D3FD283C4430007897A3 /* SegundaViewController.swift in Sources */,
				164A43362838760700AB9CC1 /* Pessoa.swift in Sources */,
				E15C3B4C2838452A005B3699 /* SceneDelegate.swift in Sources */,
				EE34CD5F283C3F100066883D /* Servico.swift in Sources */,
			);
			runOnlyForDeploymentPostprocessing = 0;
		};
/* End PBXSourcesBuildPhase section */

/* Begin PBXVariantGroup section */
		E15C3B4F2838452A005B3699 /* Main.storyboard */ = {
			isa = PBXVariantGroup;
			children = (
				E15C3B502838452A005B3699 /* Base */,
			);
			name = Main.storyboard;
			sourceTree = "<group>";
		};
		E15C3B5428384530005B3699 /* LaunchScreen.storyboard */ = {
			isa = PBXVariantGroup;
			children = (
				E15C3B5528384530005B3699 /* Base */,
			);
			name = LaunchScreen.storyboard;
			sourceTree = "<group>";
		};
/* End PBXVariantGroup section */

/* Begin XCBuildConfiguration section */
		E15C3B5828384530005B3699 /* Debug */ = {
			isa = XCBuildConfiguration;
			buildSettings = {
				ALWAYS_SEARCH_USER_PATHS = NO;
				CLANG_ANALYZER_NONNULL = YES;
				CLANG_ANALYZER_NUMBER_OBJECT_CONVERSION = YES_AGGRESSIVE;
				CLANG_CXX_LANGUAGE_STANDARD = "gnu++17";
				CLANG_ENABLE_MODULES = YES;
				CLANG_ENABLE_OBJC_ARC = YES;
				CLANG_ENABLE_OBJC_WEAK = YES;
				CLANG_WARN_BLOCK_CAPTURE_AUTORELEASING = YES;
				CLANG_WARN_BOOL_CONVERSION = YES;
				CLANG_WARN_COMMA = YES;
				CLANG_WARN_CONSTANT_CONVERSION = YES;
				CLANG_WARN_DEPRECATED_OBJC_IMPLEMENTATIONS = YES;
				CLANG_WARN_DIRECT_OBJC_ISA_USAGE = YES_ERROR;
				CLANG_WARN_DOCUMENTATION_COMMENTS = YES;
				CLANG_WARN_EMPTY_BODY = YES;
				CLANG_WARN_ENUM_CONVERSION = YES;
				CLANG_WARN_INFINITE_RECURSION = YES;
				CLANG_WARN_INT_CONVERSION = YES;
				CLANG_WARN_NON_LITERAL_NULL_CONVERSION = YES;
				CLANG_WARN_OBJC_IMPLICIT_RETAIN_SELF = YES;
				CLANG_WARN_OBJC_LITERAL_CONVERSION = YES;
				CLANG_WARN_OBJC_ROOT_CLASS = YES_ERROR;
				CLANG_WARN_QUOTED_INCLUDE_IN_FRAMEWORK_HEADER = YES;
				CLANG_WARN_RANGE_LOOP_ANALYSIS = YES;
				CLANG_WARN_STRICT_PROTOTYPES = YES;
				CLANG_WARN_SUSPICIOUS_MOVE = YES;
				CLANG_WARN_UNGUARDED_AVAILABILITY = YES_AGGRESSIVE;
				CLANG_WARN_UNREACHABLE_CODE = YES;
				CLANG_WARN__DUPLICATE_METHOD_MATCH = YES;
				COPY_PHASE_STRIP = NO;
				DEBUG_INFORMATION_FORMAT = dwarf;
				ENABLE_STRICT_OBJC_MSGSEND = YES;
				ENABLE_TESTABILITY = YES;
				GCC_C_LANGUAGE_STANDARD = gnu11;
				GCC_DYNAMIC_NO_PIC = NO;
				GCC_NO_COMMON_BLOCKS = YES;
				GCC_OPTIMIZATION_LEVEL = 0;
				GCC_PREPROCESSOR_DEFINITIONS = (
					"DEBUG=1",
					"$(inherited)",
				);
				GCC_WARN_64_TO_32_BIT_CONVERSION = YES;
				GCC_WARN_ABOUT_RETURN_TYPE = YES_ERROR;
				GCC_WARN_UNDECLARED_SELECTOR = YES;
				GCC_WARN_UNINITIALIZED_AUTOS = YES_AGGRESSIVE;
				GCC_WARN_UNUSED_FUNCTION = YES;
				GCC_WARN_UNUSED_VARIABLE = YES;
				IPHONEOS_DEPLOYMENT_TARGET = 14.4;
				MTL_ENABLE_DEBUG_INFO = INCLUDE_SOURCE;
				MTL_FAST_MATH = YES;
				ONLY_ACTIVE_ARCH = YES;
				SDKROOT = iphoneos;
				SWIFT_ACTIVE_COMPILATION_CONDITIONS = DEBUG;
				SWIFT_OPTIMIZATION_LEVEL = "-Onone";
			};
			name = Debug;
		};
		E15C3B5928384530005B3699 /* Release */ = {
			isa = XCBuildConfiguration;
			buildSettings = {
				ALWAYS_SEARCH_USER_PATHS = NO;
				CLANG_ANALYZER_NONNULL = YES;
				CLANG_ANALYZER_NUMBER_OBJECT_CONVERSION = YES_AGGRESSIVE;
				CLANG_CXX_LANGUAGE_STANDARD = "gnu++17";
				CLANG_ENABLE_MODULES = YES;
				CLANG_ENABLE_OBJC_ARC = YES;
				CLANG_ENABLE_OBJC_WEAK = YES;
				CLANG_WARN_BLOCK_CAPTURE_AUTORELEASING = YES;
				CLANG_WARN_BOOL_CONVERSION = YES;
				CLANG_WARN_COMMA = YES;
				CLANG_WARN_CONSTANT_CONVERSION = YES;
				CLANG_WARN_DEPRECATED_OBJC_IMPLEMENTATIONS = YES;
				CLANG_WARN_DIRECT_OBJC_ISA_USAGE = YES_ERROR;
				CLANG_WARN_DOCUMENTATION_COMMENTS = YES;
				CLANG_WARN_EMPTY_BODY = YES;
				CLANG_WARN_ENUM_CONVERSION = YES;
				CLANG_WARN_INFINITE_RECURSION = YES;
				CLANG_WARN_INT_CONVERSION = YES;
				CLANG_WARN_NON_LITERAL_NULL_CONVERSION = YES;
				CLANG_WARN_OBJC_IMPLICIT_RETAIN_SELF = YES;
				CLANG_WARN_OBJC_LITERAL_CONVERSION = YES;
				CLANG_WARN_OBJC_ROOT_CLASS = YES_ERROR;
				CLANG_WARN_QUOTED_INCLUDE_IN_FRAMEWORK_HEADER = YES;
				CLANG_WARN_RANGE_LOOP_ANALYSIS = YES;
				CLANG_WARN_STRICT_PROTOTYPES = YES;
				CLANG_WARN_SUSPICIOUS_MOVE = YES;
				CLANG_WARN_UNGUARDED_AVAILABILITY = YES_AGGRESSIVE;
				CLANG_WARN_UNREACHABLE_CODE = YES;
				CLANG_WARN__DUPLICATE_METHOD_MATCH = YES;
				COPY_PHASE_STRIP = NO;
				DEBUG_INFORMATION_FORMAT = "dwarf-with-dsym";
				ENABLE_NS_ASSERTIONS = NO;
				ENABLE_STRICT_OBJC_MSGSEND = YES;
				GCC_C_LANGUAGE_STANDARD = gnu11;
				GCC_NO_COMMON_BLOCKS = YES;
				GCC_WARN_64_TO_32_BIT_CONVERSION = YES;
				GCC_WARN_ABOUT_RETURN_TYPE = YES_ERROR;
				GCC_WARN_UNDECLARED_SELECTOR = YES;
				GCC_WARN_UNINITIALIZED_AUTOS = YES_AGGRESSIVE;
				GCC_WARN_UNUSED_FUNCTION = YES;
				GCC_WARN_UNUSED_VARIABLE = YES;
				IPHONEOS_DEPLOYMENT_TARGET = 14.4;
				MTL_ENABLE_DEBUG_INFO = NO;
				MTL_FAST_MATH = YES;
				SDKROOT = iphoneos;
				SWIFT_COMPILATION_MODE = wholemodule;
				SWIFT_OPTIMIZATION_LEVEL = "-O";
				VALIDATE_PRODUCT = YES;
			};
			name = Release;
		};
		E15C3B5B28384530005B3699 /* Debug */ = {
			isa = XCBuildConfiguration;
			buildSettings = {
				ASSETCATALOG_COMPILER_APPICON_NAME = AppIcon;
				ASSETCATALOG_COMPILER_GLOBAL_ACCENT_COLOR_NAME = AccentColor;
				CODE_SIGN_STYLE = Automatic;
				CURRENT_PROJECT_VERSION = 1;
				GENERATE_INFOPLIST_FILE = YES;
				INFOPLIST_FILE = agenda/Info.plist;
				INFOPLIST_KEY_UIApplicationSupportsIndirectInputEvents = YES;
				INFOPLIST_KEY_UILaunchStoryboardName = LaunchScreen;
				INFOPLIST_KEY_UIMainStoryboardFile = Main;
				INFOPLIST_KEY_UISupportedInterfaceOrientations_iPad = "UIInterfaceOrientationPortrait UIInterfaceOrientationPortraitUpsideDown UIInterfaceOrientationLandscapeLeft UIInterfaceOrientationLandscapeRight";
				INFOPLIST_KEY_UISupportedInterfaceOrientations_iPhone = "UIInterfaceOrientationPortrait UIInterfaceOrientationLandscapeLeft UIInterfaceOrientationLandscapeRight";
				LD_RUNPATH_SEARCH_PATHS = (
					"$(inherited)",
					"@executable_path/Frameworks",
				);
				MARKETING_VERSION = 1.0;
				PRODUCT_BUNDLE_IDENTIFIER = teste.agenda;
				PRODUCT_NAME = "$(TARGET_NAME)";
				SWIFT_EMIT_LOC_STRINGS = YES;
				SWIFT_VERSION = 5.0;
				TARGETED_DEVICE_FAMILY = "1,2";
			};
			name = Debug;
		};
		E15C3B5C28384530005B3699 /* Release */ = {
			isa = XCBuildConfiguration;
			buildSettings = {
				ASSETCATALOG_COMPILER_APPICON_NAME = AppIcon;
				ASSETCATALOG_COMPILER_GLOBAL_ACCENT_COLOR_NAME = AccentColor;
				CODE_SIGN_STYLE = Automatic;
				CURRENT_PROJECT_VERSION = 1;
				GENERATE_INFOPLIST_FILE = YES;
				INFOPLIST_FILE = agenda/Info.plist;
				INFOPLIST_KEY_UIApplicationSupportsIndirectInputEvents = YES;
				INFOPLIST_KEY_UILaunchStoryboardName = LaunchScreen;
				INFOPLIST_KEY_UIMainStoryboardFile = Main;
				INFOPLIST_KEY_UISupportedInterfaceOrientations_iPad = "UIInterfaceOrientationPortrait UIInterfaceOrientationPortraitUpsideDown UIInterfaceOrientationLandscapeLeft UIInterfaceOrientationLandscapeRight";
				INFOPLIST_KEY_UISupportedInterfaceOrientations_iPhone = "UIInterfaceOrientationPortrait UIInterfaceOrientationLandscapeLeft UIInterfaceOrientationLandscapeRight";
				LD_RUNPATH_SEARCH_PATHS = (
					"$(inherited)",
					"@executable_path/Frameworks",
				);
				MARKETING_VERSION = 1.0;
				PRODUCT_BUNDLE_IDENTIFIER = teste.agenda;
				PRODUCT_NAME = "$(TARGET_NAME)";
				SWIFT_EMIT_LOC_STRINGS = YES;
				SWIFT_VERSION = 5.0;
				TARGETED_DEVICE_FAMILY = "1,2";
			};
			name = Release;
		};
/* End XCBuildConfiguration section */

/* Begin XCConfigurationList section */
		E15C3B412838452A005B3699 /* Build configuration list for PBXProject "agenda" */ = {
			isa = XCConfigurationList;
			buildConfigurations = (
				E15C3B5828384530005B3699 /* Debug */,
				E15C3B5928384530005B3699 /* Release */,
			);
			defaultConfigurationIsVisible = 0;
			defaultConfigurationName = Release;
		};
		E15C3B5A28384530005B3699 /* Build configuration list for PBXNativeTarget "agenda" */ = {
			isa = XCConfigurationList;
			buildConfigurations = (
				E15C3B5B28384530005B3699 /* Debug */,
				E15C3B5C28384530005B3699 /* Release */,
			);
			defaultConfigurationIsVisible = 0;
			defaultConfigurationName = Release;
		};
/* End XCConfigurationList section */
	};
	rootObject = E15C3B3E2838452A005B3699 /* Project object */;
}
